
Microsoft Visual Studio Solution File, Format Version 12.00
# Visual Studio Version 17
VisualStudioVersion = 17.4.33122.133
MinimumVisualStudioVersion = 10.0.40219.1
Project("{FAE04EC0-301F-11D3-BF4B-00C04F79EFBC}") = "L01_2020DO601", "L01_2020DO601\L01_2020DO601.csproj", "{4DFCD422-28BC-4BDB-83CF-69582B455404}"
EndProject
Global
	GlobalSection(SolutionConfigurationPlatforms) = preSolution
		Debug|Any CPU = Debug|Any CPU
		Release|Any CPU = Release|Any CPU
	EndGlobalSection
	GlobalSection(ProjectConfigurationPlatforms) = postSolution
		{4DFCD422-28BC-4BDB-83CF-69582B455404}.Debug|Any CPU.ActiveCfg = Debug|Any CPU
		{4DFCD422-28BC-4BDB-83CF-69582B455404}.Debug|Any CPU.Build.0 = Debug|Any CPU
		{4DFCD422-28BC-4BDB-83CF-69582B455404}.Release|Any CPU.ActiveCfg = Release|Any CPU
		{4DFCD422-28BC-4BDB-83CF-69582B455404}.Release|Any CPU.Build.0 = Release|Any CPU
	EndGlobalSection
	GlobalSection(SolutionProperties) = preSolution
		HideSolutionNode = FALSE
	EndGlobalSection
	GlobalSection(ExtensibilityGlobals) = postSolution
		SolutionGuid = {92B5451B-B123-4BAB-8A0F-84063500DF6A}
	EndGlobalSection
EndGlobal
